{"version":4,"terraform_version":"1.12.1","serial":2,"lineage":"be33a7fc-6ee5-2062-b546-730869a9f13b","outputs":{"vm_id":{"value":200,"type":"number"},"vm_ip_address":{"value":[],"type":["list",["list","string"]]},"vm_name":{"value":"dayz-server-vm","type":"string"}},"resources":[{"mode":"managed","type":"proxmox_virtual_environment_file","name":"cloud_user_config","provider":"provider[\"registry.opentofu.org/bpg/proxmox\"]","instances":[{"schema_version":0,"attributes":{"content_type":"snippets","datastore_id":"local","file_mode":null,"file_modification_date":null,"file_name":"dayz-user-data.yaml","file_size":null,"file_tag":null,"id":"local:snippets/dayz-user-data.yaml","node_name":"pve","overwrite":true,"source_file":[],"source_raw":[{"data":"#cloud-config\nhostname: dayz-server-vm\nfqdn: dayz-server-vm.local\nmanage_etc_hosts: true\n\nusers:\n  - name: debian\n    gecos: DayZ Server Admin\n    sudo: ALL=(ALL) NOPASSWD:ALL\n    shell: /bin/bash\n    lock_passwd: true\n    ssh_authorized_keys:\n      - ssh-ed25519 AAAAC3NzaC1lZDI1NTE5AAAAIDeEwYWCMD5WZCJEi/S6bqsIQ3tmaaFrfCMzEDUhe9zL maxja@nucgh\n\npackage_update: true\npackage_upgrade: true\npackages:\n  - curl\n  - wget\n  - qemu-guest-agent\n  - ufw\n\nruncmd:\n  - systemctl start qemu-guest-agent\n  - systemctl enable qemu-guest-agent\n","file_name":"dayz-user-data.yaml","resize":0}],"timeout_upload":1800,"upload_mode":"stream"},"sensitive_attributes":[],"private":"bnVsbA=="}]},{"mode":"managed","type":"proxmox_virtual_environment_vm","name":"dz_vm","provider":"provider[\"registry.opentofu.org/bpg/proxmox\"]","instances":[{"schema_version":0,"attributes":{"acpi":true,"agent":[{"enabled":true,"timeout":"15m","trim":false,"type":"virtio","wait_for_ip":[]}],"amd_sev":[],"audio_device":[],"bios":"seabios","boot_order":["scsi0","net0"],"cdrom":[],"clone":[],"cpu":[{"affinity":"","architecture":"","cores":4,"flags":null,"hotplugged":0,"limit":0,"numa":false,"sockets":1,"type":"host","units":0}],"delete_unreferenced_disks_on_destroy":true,"description":"Managed by OpenTofu - Dedicated DayZ Game Server","disk":[{"aio":"io_uring","backup":true,"cache":"none","datastore_id":"local-lvm","discard":"on","file_format":"raw","file_id":"local:iso/debian-13-generic-amd64-20260826-2582.img","import_from":"","interface":"scsi0","iothread":true,"path_in_datastore":"vm-200-disk-0","queues":0,"replicate":true,"serial":"","size":40,"speed":[],"ssd":false}],"efi_disk":[],"hook_script_file_id":"","hostpci":[],"hotplug":null,"id":"200","initialization":[{"datastore_id":"local-lvm","dns":[],"file_format":"","interface":"ide2","ip_config":[{"ipv4":[{"address":"dhcp","gateway":""}],"ipv6":[]}],"meta_data_file_id":"","network_data_file_id":"","type":"","upgrade":true,"user_account":[],"user_data_file_id":"local:snippets/dayz-user-data.yaml","vendor_data_file_id":""}],"ipv4_addresses":[],"ipv6_addresses":[],"keyboard_layout":"en-us","kvm_arguments":"","mac_addresses":[],"machine":"","memory":[{"dedicated":16384,"floating":0,"hugepages":"","keep_hugepages":false,"shared":0}],"migrate":false,"name":"dayz-server-vm","network_device":[{"bridge":"vmbr0","disconnected":false,"enabled":true,"firewall":false,"mac_address":"BC:24:11:BE:B6:90","model":"virtio","mtu":0,"queues":0,"rate_limit":0,"trunks":"","vlan_id":0}],"network_interface_names":[],"node_name":"pve","numa":[],"on_boot":true,"operating_system":[{"type":"l26"}],"pool_id":"","protection":false,"purge_on_destroy":true,"reboot":false,"reboot_after_update":true,"rng":[],"scsi_hardware":"virtio-scsi-pci","serial_device":[],"smbios":[],"started":true,"startup":[],"stop_on_destroy":false,"tablet_device":true,"tags":null,"template":false,"timeout_clone":1800,"timeout_create":1800,"timeout_migrate":1800,"timeout_move_disk":1800,"timeout_reboot":1800,"timeout_shutdown_vm":1800,"timeout_start_vm":1800,"timeout_stop_vm":300,"tpm_state":[],"usb":[],"vga":[],"virtiofs":[],"vm_id":200,"watchdog":[]},"sensitive_attributes":[],"private":"bnVsbA==","dependencies":["proxmox_virtual_environment_file.cloud_user_config"]}]}],"check_results":null}
